
Microsoft Visual Studio Solution File, Format Version 12.00
# Visual Studio Version 17
VisualStudioVersion = 17.1.32210.238
MinimumVisualStudioVersion = 10.0.40219.1
Project("{FAE04EC0-301F-11D3-BF4B-00C04F79EFBC}") = "JsonResponder", "JsonResponder\JsonResponder.csproj", "{F991ED01-FF48-4607-9FC1-A610458ECE2E}"
EndProject
Global
	GlobalSection(SolutionConfigurationPlatforms) = preSolution
		Debug|Any CPU = Debug|Any CPU
		Release|Any CPU = Release|Any CPU
	EndGlobalSection
	GlobalSection(ProjectConfigurationPlatforms) = postSolution
		{F991ED01-FF48-4607-9FC1-A610458ECE2E}.Debug|Any CPU.ActiveCfg = Debug|Any CPU
		{F991ED01-FF48-4607-9FC1-A610458ECE2E}.Debug|Any CPU.Build.0 = Debug|Any CPU
		{F991ED01-FF48-4607-9FC1-A610458ECE2E}.Release|Any CPU.ActiveCfg = Release|Any CPU
		{F991ED01-FF48-4607-9FC1-A610458ECE2E}.Release|Any CPU.Build.0 = Release|Any CPU
	EndGlobalSection
	GlobalSection(SolutionProperties) = preSolution
		HideSolutionNode = FALSE
	EndGlobalSection
	GlobalSection(ExtensibilityGlobals) = postSolution
		SolutionGuid = {5D58EA4F-AB1F-49CA-8CF9-C88CD58A9936}
	EndGlobalSection
EndGlobal
