
Microsoft Visual Studio Solution File, Format Version 12.00
# Visual Studio Version 17
VisualStudioVersion = 17.3.32929.385
MinimumVisualStudioVersion = 10.0.40219.1
Project("{FAE04EC0-301F-11D3-BF4B-00C04F79EFBC}") = "SurveyorTechAddUsers", "SurveyorTechAddUsers\SurveyorTechAddUsers.csproj", "{15FDC477-C9C9-4737-87DB-061F71A27167}"
EndProject
Global
	GlobalSection(SolutionConfigurationPlatforms) = preSolution
		Debug|Any CPU = Debug|Any CPU
		Release|Any CPU = Release|Any CPU
	EndGlobalSection
	GlobalSection(ProjectConfigurationPlatforms) = postSolution
		{15FDC477-C9C9-4737-87DB-061F71A27167}.Debug|Any CPU.ActiveCfg = Debug|Any CPU
		{15FDC477-C9C9-4737-87DB-061F71A27167}.Debug|Any CPU.Build.0 = Debug|Any CPU
		{15FDC477-C9C9-4737-87DB-061F71A27167}.Release|Any CPU.ActiveCfg = Release|Any CPU
		{15FDC477-C9C9-4737-87DB-061F71A27167}.Release|Any CPU.Build.0 = Release|Any CPU
	EndGlobalSection
	GlobalSection(SolutionProperties) = preSolution
		HideSolutionNode = FALSE
	EndGlobalSection
	GlobalSection(ExtensibilityGlobals) = postSolution
		SolutionGuid = {831A083F-AE00-4ABF-81D2-6FCFDD01036C}
	EndGlobalSection
EndGlobal
